
Microsoft Visual Studio Solution File, Format Version 12.00
# Visual Studio Version 17
VisualStudioVersion = 17.9.34622.214
MinimumVisualStudioVersion = 10.0.40219.1
Project("{FAE04EC0-301F-11D3-BF4B-00C04F79EFBC}") = "MauiAppJogoDaVelha2", "MauiAppJogoDaVelha2\MauiAppJogoDaVelha2.csproj", "{200151E3-BC8B-4E84-88B2-32CACEC19B7A}"
EndProject
Global
	GlobalSection(SolutionConfigurationPlatforms) = preSolution
		Debug|Any CPU = Debug|Any CPU
		Release|Any CPU = Release|Any CPU
	EndGlobalSection
	GlobalSection(ProjectConfigurationPlatforms) = postSolution
		{200151E3-BC8B-4E84-88B2-32CACEC19B7A}.Debug|Any CPU.ActiveCfg = Debug|Any CPU
		{200151E3-BC8B-4E84-88B2-32CACEC19B7A}.Debug|Any CPU.Build.0 = Debug|Any CPU
		{200151E3-BC8B-4E84-88B2-32CACEC19B7A}.Debug|Any CPU.Deploy.0 = Debug|Any CPU
		{200151E3-BC8B-4E84-88B2-32CACEC19B7A}.Release|Any CPU.ActiveCfg = Release|Any CPU
		{200151E3-BC8B-4E84-88B2-32CACEC19B7A}.Release|Any CPU.Build.0 = Release|Any CPU
		{200151E3-BC8B-4E84-88B2-32CACEC19B7A}.Release|Any CPU.Deploy.0 = Release|Any CPU
	EndGlobalSection
	GlobalSection(SolutionProperties) = preSolution
		HideSolutionNode = FALSE
	EndGlobalSection
	GlobalSection(ExtensibilityGlobals) = postSolution
		SolutionGuid = {C813C1DF-753D-40A7-97BF-B8667344D5D6}
	EndGlobalSection
EndGlobal
